
Microsoft Visual Studio Solution File, Format Version 12.00
# Visual Studio Version 17
VisualStudioVersion = 17.10.35004.147
MinimumVisualStudioVersion = 10.0.40219.1
Project("{FAE04EC0-301F-11D3-BF4B-00C04F79EFBC}") = "DonorRegistrationApp.Server", "DonorRegistrationApp.Server\DonorRegistrationApp.Server.csproj", "{434B3A5D-0535-49A2-AB76-98F1D8142879}"
EndProject
Project("{54A90642-561A-4BB1-A94E-469ADEE60C69}") = "donorregistrationapp.client", "donorregistrationapp.client\donorregistrationapp.client.esproj", "{A0317AF8-354A-4D08-8B85-EB81C0692D91}"
EndProject
Global
	GlobalSection(SolutionConfigurationPlatforms) = preSolution
		Debug|Any CPU = Debug|Any CPU
		Release|Any CPU = Release|Any CPU
	EndGlobalSection
	GlobalSection(ProjectConfigurationPlatforms) = postSolution
		{434B3A5D-0535-49A2-AB76-98F1D8142879}.Debug|Any CPU.ActiveCfg = Debug|Any CPU
		{434B3A5D-0535-49A2-AB76-98F1D8142879}.Debug|Any CPU.Build.0 = Debug|Any CPU
		{434B3A5D-0535-49A2-AB76-98F1D8142879}.Release|Any CPU.ActiveCfg = Release|Any CPU
		{434B3A5D-0535-49A2-AB76-98F1D8142879}.Release|Any CPU.Build.0 = Release|Any CPU
		{A0317AF8-354A-4D08-8B85-EB81C0692D91}.Debug|Any CPU.ActiveCfg = Debug|Any CPU
		{A0317AF8-354A-4D08-8B85-EB81C0692D91}.Debug|Any CPU.Build.0 = Debug|Any CPU
		{A0317AF8-354A-4D08-8B85-EB81C0692D91}.Debug|Any CPU.Deploy.0 = Debug|Any CPU
		{A0317AF8-354A-4D08-8B85-EB81C0692D91}.Release|Any CPU.ActiveCfg = Release|Any CPU
		{A0317AF8-354A-4D08-8B85-EB81C0692D91}.Release|Any CPU.Build.0 = Release|Any CPU
		{A0317AF8-354A-4D08-8B85-EB81C0692D91}.Release|Any CPU.Deploy.0 = Release|Any CPU
	EndGlobalSection
	GlobalSection(SolutionProperties) = preSolution
		HideSolutionNode = FALSE
	EndGlobalSection
	GlobalSection(ExtensibilityGlobals) = postSolution
		SolutionGuid = {83E533CF-2944-44D7-BDE3-A3811E130D6F}
	EndGlobalSection
EndGlobal
